
Microsoft Visual Studio Solution File, Format Version 12.00
# Visual Studio Version 16
VisualStudioVersion = 25.0.1705.2
MinimumVisualStudioVersion = 10.0.40219.1
Project("{FAE04EC0-301F-11D3-BF4B-00C04F79EFBC}") = "connectfour", "connectfour.csproj", "{86BE479C-55F8-4735-9E5B-202888FC4C1B}"
EndProject
Global
	GlobalSection(SolutionConfigurationPlatforms) = preSolution
		Debug|Any CPU = Debug|Any CPU
		Release|Any CPU = Release|Any CPU
	EndGlobalSection
	GlobalSection(ProjectConfigurationPlatforms) = postSolution
		{86BE479C-55F8-4735-9E5B-202888FC4C1B}.Debug|Any CPU.ActiveCfg = Debug|Any CPU
		{86BE479C-55F8-4735-9E5B-202888FC4C1B}.Debug|Any CPU.Build.0 = Debug|Any CPU
		{86BE479C-55F8-4735-9E5B-202888FC4C1B}.Release|Any CPU.ActiveCfg = Release|Any CPU
		{86BE479C-55F8-4735-9E5B-202888FC4C1B}.Release|Any CPU.Build.0 = Release|Any CPU
	EndGlobalSection
	GlobalSection(SolutionProperties) = preSolution
		HideSolutionNode = FALSE
	EndGlobalSection
	GlobalSection(ExtensibilityGlobals) = postSolution
		SolutionGuid = {AC45A6AD-6D50-4641-965F-646F9E91B09E}
	EndGlobalSection
EndGlobal
